
Microsoft Visual Studio Solution File, Format Version 12.00
# Visual Studio Version 17
VisualStudioVersion = 17.5.002.0
MinimumVisualStudioVersion = 10.0.40219.1
Project("{9A19103F-16F7-4668-BE54-9A1E7A4F7556}") = "BankAppBackend", "BankAppBackend.csproj", "{6EB6E8B8-889E-43C4-A58C-37A02206FED7}"
EndProject
Global
	GlobalSection(SolutionConfigurationPlatforms) = preSolution
		Debug|Any CPU = Debug|Any CPU
		Release|Any CPU = Release|Any CPU
	EndGlobalSection
	GlobalSection(ProjectConfigurationPlatforms) = postSolution
		{6EB6E8B8-889E-43C4-A58C-37A02206FED7}.Debug|Any CPU.ActiveCfg = Debug|Any CPU
		{6EB6E8B8-889E-43C4-A58C-37A02206FED7}.Debug|Any CPU.Build.0 = Debug|Any CPU
		{6EB6E8B8-889E-43C4-A58C-37A02206FED7}.Release|Any CPU.ActiveCfg = Release|Any CPU
		{6EB6E8B8-889E-43C4-A58C-37A02206FED7}.Release|Any CPU.Build.0 = Release|Any CPU
	EndGlobalSection
	GlobalSection(SolutionProperties) = preSolution
		HideSolutionNode = FALSE
	EndGlobalSection
	GlobalSection(ExtensibilityGlobals) = postSolution
		SolutionGuid = {616A821B-5F4C-47FE-94DE-6796025ED645}
	EndGlobalSection
EndGlobal
